
Microsoft Visual Studio Solution File, Format Version 12.00
# Visual Studio 15
VisualStudioVersion = 15.0.28307.1062
MinimumVisualStudioVersion = 10.0.40219.1
Project("{FAE04EC0-301F-11D3-BF4B-00C04F79EFBC}") = "FerreteriaFerme", "FereteriaFerme\FerreteriaFerme.csproj", "{47BBF86F-0287-4209-91BA-C14820BFD70E}"
EndProject
Project("{FAE04EC0-301F-11D3-BF4B-00C04F79EFBC}") = "FerreteriaFerme.Datos", "FerreteriaFerme.Datos\FerreteriaFerme.Datos.csproj", "{F4B86B9B-6763-4D37-872D-DC704EC13B4D}"
EndProject
Project("{FAE04EC0-301F-11D3-BF4B-00C04F79EFBC}") = "FerreteriaFerme.Negocio", "FerreteriaFerme.Negocio\FerreteriaFerme.Negocio.csproj", "{F979FC9F-854A-490A-BE4C-4DC1FCDC4E01}"
EndProject
Global
	GlobalSection(SolutionConfigurationPlatforms) = preSolution
		Debug|Any CPU = Debug|Any CPU
		Release|Any CPU = Release|Any CPU
	EndGlobalSection
	GlobalSection(ProjectConfigurationPlatforms) = postSolution
		{47BBF86F-0287-4209-91BA-C14820BFD70E}.Debug|Any CPU.ActiveCfg = Debug|Any CPU
		{47BBF86F-0287-4209-91BA-C14820BFD70E}.Debug|Any CPU.Build.0 = Debug|Any CPU
		{47BBF86F-0287-4209-91BA-C14820BFD70E}.Release|Any CPU.ActiveCfg = Release|Any CPU
		{47BBF86F-0287-4209-91BA-C14820BFD70E}.Release|Any CPU.Build.0 = Release|Any CPU
		{F4B86B9B-6763-4D37-872D-DC704EC13B4D}.Debug|Any CPU.ActiveCfg = Debug|Any CPU
		{F4B86B9B-6763-4D37-872D-DC704EC13B4D}.Debug|Any CPU.Build.0 = Debug|Any CPU
		{F4B86B9B-6763-4D37-872D-DC704EC13B4D}.Release|Any CPU.ActiveCfg = Release|Any CPU
		{F4B86B9B-6763-4D37-872D-DC704EC13B4D}.Release|Any CPU.Build.0 = Release|Any CPU
		{F979FC9F-854A-490A-BE4C-4DC1FCDC4E01}.Debug|Any CPU.ActiveCfg = Debug|Any CPU
		{F979FC9F-854A-490A-BE4C-4DC1FCDC4E01}.Debug|Any CPU.Build.0 = Debug|Any CPU
		{F979FC9F-854A-490A-BE4C-4DC1FCDC4E01}.Release|Any CPU.ActiveCfg = Release|Any CPU
		{F979FC9F-854A-490A-BE4C-4DC1FCDC4E01}.Release|Any CPU.Build.0 = Release|Any CPU
	EndGlobalSection
	GlobalSection(SolutionProperties) = preSolution
		HideSolutionNode = FALSE
	EndGlobalSection
	GlobalSection(ExtensibilityGlobals) = postSolution
		SolutionGuid = {8EC714CE-394E-44C4-B5FC-F2AD0E19D935}
	EndGlobalSection
EndGlobal
